{
  "name": "antvg2",
  "version": "1.0.0",
  "lockfileVersion": 1,
  "requires": true,
  "dependencies": {
    "@antv/adjust": {
      "version": "0.2.3",
      "resolved": "https://artifactory.paypalcorp.com/artifactory/api/npm/npm-all/@antv/adjust/-/adjust-0.2.3.tgz",
      "integrity": "sha1-w4hKaAwyZMwSXX8qtTmOihwLlAE=",
      "requires": {
        "@antv/util": "~2.0.0",
        "tslib": "^1.10.0"
      },
      "dependencies": {
        "tslib": {
          "version": "1.14.1",
          "resolved": "https://artifactory.paypalcorp.com/artifactory/api/npm/npm-all/tslib/-/tslib-1.14.1.tgz",
          "integrity": "sha1-zy04vcNKE0vK8QkcQfZhni9nLQA="
        }
      }
    },
    "@antv/attr": {
      "version": "0.3.2",
      "resolved": "https://artifactory.paypalcorp.com/artifactory/api/npm/npm-all/@antv/attr/-/attr-0.3.2.tgz",
      "integrity": "sha1-5YZrZIcMYvOpwluKYfZUuiv9oFE=",
      "requires": {
        "@antv/color-util": "^2.0.1",
        "@antv/util": "~2.0.0",
        "tslib": "^1.10.0"
      },
      "dependencies": {
        "tslib": {
          "version": "1.14.1",
          "resolved": "https://artifactory.paypalcorp.com/artifactory/api/npm/npm-all/tslib/-/tslib-1.14.1.tgz",
          "integrity": "sha1-zy04vcNKE0vK8QkcQfZhni9nLQA="
        }
      }
    },
    "@antv/color-util": {
      "version": "2.0.6",
      "resolved": "https://artifactory.paypalcorp.com/artifactory/api/npm/npm-all/@antv/color-util/-/color-util-2.0.6.tgz",
      "integrity": "sha1-XhKbuc4/K5MJtSECs9ySlDDMwBY=",
      "requires": {
        "@antv/util": "^2.0.9",
        "tslib": "^2.0.3"
      }
    },
    "@antv/component": {
      "version": "0.8.17",
      "resolved": "https://artifactory.paypalcorp.com/artifactory/api/npm/npm-all/@antv/component/-/component-0.8.17.tgz",
      "integrity": "sha1-2T4OrZu9zOoPVYUx60YQzPrLy/c=",
      "requires": {
        "@antv/dom-util": "~2.0.1",
        "@antv/g-base": "0.5.6",
        "@antv/matrix-util": "^3.1.0-beta.1",
        "@antv/path-util": "~2.0.7",
        "@antv/scale": "~0.3.1",
        "@antv/util": "~2.0.0",
        "fecha": "~4.2.0",
        "tslib": "^2.0.3"
      },
      "dependencies": {
        "@antv/g-base": {
          "version": "0.5.6",
          "resolved": "https://artifactory.paypalcorp.com/artifactory/api/npm/npm-all/@antv/g-base/-/g-base-0.5.6.tgz",
          "integrity": "sha1-2W2l+/bF+LBzBydR4V5e7HCzk/w=",
          "requires": {
            "@antv/event-emitter": "^0.1.1",
            "@antv/g-math": "^0.1.6",
            "@antv/matrix-util": "^3.1.0-beta.1",
            "@antv/path-util": "~2.0.5",
            "@antv/util": "~2.0.0",
            "@types/d3-timer": "^2.0.0",
            "d3-ease": "^1.0.5",
            "d3-interpolate": "^1.3.2",
            "d3-timer": "^1.0.9",
            "detect-browser": "^5.1.0",
            "tslib": "^2.0.3"
          }
        }
      }
    },
    "@antv/coord": {
      "version": "0.3.1",
      "resolved": "https://artifactory.paypalcorp.com/artifactory/api/npm/npm-all/@antv/coord/-/coord-0.3.1.tgz",
      "integrity": "sha1-mC4mHYoeBqGY61GOp6zCDth1oBk=",
      "requires": {
        "@antv/matrix-util": "^3.1.0-beta.2",
        "@antv/util": "~2.0.12",
        "tslib": "^2.1.0"
      }
    },
    "@antv/data-set": {
      "version": "0.11.8",
      "resolved": "https://artifactory.paypalcorp.com/artifactory/api/npm/npm-all/@antv/data-set/-/data-set-0.11.8.tgz",
      "integrity": "sha1-dBPpAGJIY9Wl87RoQf0An8TypP8=",
      "requires": {
        "@antv/hierarchy": "^0.6.0",
        "@antv/util": "^2.0.0",
        "d3-composite-projections": "^1.2.0",
        "d3-dsv": "^1.0.5",
        "d3-geo": "~1.6.4",
        "d3-geo-projection": "~2.1.2",
        "d3-hexjson": "^1.0.1",
        "d3-hierarchy": "^1.1.5",
        "d3-sankey": "^0.9.1",
        "d3-voronoi": "^1.1.2",
        "dagre": "^0.8.2",
        "point-at-length": "^1.0.2",
        "regression": "^2.0.0",
        "simple-statistics": "^6.1.0",
        "topojson-client": "^3.0.0",
        "wolfy87-eventemitter": "^5.1.0"
      },
      "dependencies": {
        "d3-dsv": {
          "version": "1.2.0",
          "resolved": "https://artifactory.g.devqa.gcp.dev.paypalinc.com/artifactory/api/npm/npm-all/d3-dsv/-/d3-dsv-1.2.0.tgz",
          "integrity": "sha1-nV91w6X4q9YR900/WEew1DOLiFw=",
          "requires": {
            "commander": "2",
            "iconv-lite": "0.4",
            "rw": "1"
          }
        },
        "iconv-lite": {
          "version": "0.4.24",
          "resolved": "https://artifactory.g.devqa.gcp.dev.paypalinc.com/artifactory/api/npm/npm-all/iconv-lite/-/iconv-lite-0.4.24.tgz",
          "integrity": "sha1-ICK0sl+93CHS9SSXSkdKr+czkIs=",
          "requires": {
            "safer-buffer": ">= 2.1.2 < 3"
          }
        }
      }
    },
    "@antv/dom-util": {
      "version": "2.0.3",
      "resolved": "https://artifactory.paypalcorp.com/artifactory/api/npm/npm-all/@antv/dom-util/-/dom-util-2.0.3.tgz",
      "integrity": "sha1-y9FYsciODopNhlhxpZabEZBVT/U=",
      "requires": {
        "tslib": "^2.0.3"
      }
    },
    "@antv/event-emitter": {
      "version": "0.1.2",
      "resolved": "https://artifactory.paypalcorp.com/artifactory/api/npm/npm-all/@antv/event-emitter/-/event-emitter-0.1.2.tgz",
      "integrity": "sha1-oXt8uG5tBxiA3Gv7IydW+IYk7Lw="
    },
    "@antv/g-base": {
      "version": "0.5.9",
      "resolved": "https://artifactory.paypalcorp.com/artifactory/api/npm/npm-all/@antv/g-base/-/g-base-0.5.9.tgz",
      "integrity": "sha1-WNDhHYUVetoUCPvfJPT0aPQOWc0=",
      "requires": {
        "@antv/event-emitter": "^0.1.1",
        "@antv/g-math": "^0.1.6",
        "@antv/matrix-util": "^3.1.0-beta.1",
        "@antv/path-util": "~2.0.5",
        "@antv/util": "~2.0.0",
        "@types/d3-timer": "^2.0.0",
        "d3-ease": "^1.0.5",
        "d3-interpolate": "^1.3.2",
        "d3-timer": "^1.0.9",
        "detect-browser": "^5.1.0",
        "tslib": "^2.0.3"
      }
    },
    "@antv/g-canvas": {
      "version": "0.5.12",
      "resolved": "https://artifactory.paypalcorp.com/artifactory/api/npm/npm-all/@antv/g-canvas/-/g-canvas-0.5.12.tgz",
      "integrity": "sha1-L8QNztaZTwdPIjQeZdVve71Sdfc=",
      "requires": {
        "@antv/g-base": "^0.5.3",
        "@antv/g-math": "^0.1.6",
        "@antv/matrix-util": "^3.1.0-beta.1",
        "@antv/path-util": "~2.0.5",
        "@antv/util": "~2.0.0",
        "gl-matrix": "^3.0.0",
        "tslib": "^2.0.3"
      }
    },
    "@antv/g-math": {
      "version": "0.1.7",
      "resolved": "https://artifactory.paypalcorp.com/artifactory/api/npm/npm-all/@antv/g-math/-/g-math-0.1.7.tgz",
      "integrity": "sha1-bsJ2kmn3zLZ+WBQNVznfdARswE4=",
      "requires": {
        "@antv/util": "~2.0.0",
        "gl-matrix": "^3.0.0"
      }
    },
    "@antv/g-svg": {
      "version": "0.5.6",
      "resolved": "https://artifactory.paypalcorp.com/artifactory/api/npm/npm-all/@antv/g-svg/-/g-svg-0.5.6.tgz",
      "integrity": "sha1-cLL6mAxDGzmtPFtLU+NqHWCVfWU=",
      "requires": {
        "@antv/g-base": "^0.5.3",
        "@antv/g-math": "^0.1.6",
        "@antv/util": "~2.0.0",
        "detect-browser": "^5.0.0",
        "tslib": "^2.0.3"
      }
    },
    "@antv/g2": {
      "version": "4.1.27",
      "resolved": "https://artifactory.paypalcorp.com/artifactory/api/npm/npm-all/@antv/g2/-/g2-4.1.27.tgz",
      "integrity": "sha1-Wnp+Jdq8TTF+8ud5F6SYi+MfyK8=",
      "requires": {
        "@antv/adjust": "^0.2.1",
        "@antv/attr": "^0.3.1",
        "@antv/color-util": "^2.0.2",
        "@antv/component": "^0.8.7",
        "@antv/coord": "^0.3.0",
        "@antv/dom-util": "^2.0.2",
        "@antv/event-emitter": "~0.1.0",
        "@antv/g-base": "~0.5.6",
        "@antv/g-canvas": "~0.5.10",
        "@antv/g-svg": "~0.5.6",
        "@antv/matrix-util": "^3.1.0-beta.1",
        "@antv/path-util": "^2.0.3",
        "@antv/scale": "^0.3.7",
        "@antv/util": "~2.0.5",
        "tslib": "^2.0.0"
      }
    },
    "@antv/hierarchy": {
      "version": "0.6.8",
      "resolved": "https://artifactory.paypalcorp.com/artifactory/api/npm/npm-all/@antv/hierarchy/-/hierarchy-0.6.8.tgz",
      "integrity": "sha1-t3xJCpwt1toYbLrO4OeIe4wbP6Q=",
      "requires": {
        "@antv/util": "^2.0.7"
      }
    },
    "@antv/matrix-util": {
      "version": "3.1.0-beta.2",
      "resolved": "https://artifactory.paypalcorp.com/artifactory/api/npm/npm-all/@antv/matrix-util/-/matrix-util-3.1.0-beta.2.tgz",
      "integrity": "sha1-tK+vtw299Sr/yjCNNUbIoJD9I8o=",
      "requires": {
        "@antv/util": "^2.0.9",
        "gl-matrix": "^3.3.0",
        "tslib": "^1.10.0"
      },
      "dependencies": {
        "tslib": {
          "version": "1.14.1",
          "resolved": "https://artifactory.paypalcorp.com/artifactory/api/npm/npm-all/tslib/-/tslib-1.14.1.tgz",
          "integrity": "sha1-zy04vcNKE0vK8QkcQfZhni9nLQA="
        }
      }
    },
    "@antv/path-util": {
      "version": "2.0.12",
      "resolved": "https://artifactory.paypalcorp.com/artifactory/api/npm/npm-all/@antv/path-util/-/path-util-2.0.12.tgz",
      "integrity": "sha1-0T55YRj2VVgA9RcQT6POdMa60Wo=",
      "requires": {
        "@antv/util": "^2.0.9",
        "tslib": "^2.0.3"
      }
    },
    "@antv/scale": {
      "version": "0.3.12",
      "resolved": "https://artifactory.paypalcorp.com/artifactory/api/npm/npm-all/@antv/scale/-/scale-0.3.12.tgz",
      "integrity": "sha1-R9u6PjDyML1tJ8ox1CBBBmCGUNs=",
      "requires": {
        "@antv/util": "~2.0.3",
        "fecha": "~4.2.0",
        "tslib": "^2.0.0"
      }
    },
    "@antv/util": {
      "version": "2.0.17",
      "resolved": "https://artifactory.paypalcorp.com/artifactory/api/npm/npm-all/@antv/util/-/util-2.0.17.tgz",
      "integrity": "sha1-6O9CrKeJKBWyKSafPdEMazx1l6k=",
      "requires": {
        "csstype": "^3.0.8",
        "tslib": "^2.0.3"
      }
    },
    "@types/d3-dsv": {
      "version": "3.0.0",
      "resolved": "https://artifactory.g.devqa.gcp.dev.paypalinc.com/artifactory/api/npm/npm-all/@types/d3-dsv/-/d3-dsv-3.0.0.tgz",
      "integrity": "sha1-88YfsRe9ST7A6BSFb+uAShTPwxE="
    },
    "@types/d3-timer": {
      "version": "2.0.1",
      "resolved": "https://artifactory.paypalcorp.com/artifactory/api/npm/npm-all/@types/d3-timer/-/d3-timer-2.0.1.tgz",
      "integrity": "sha1-/7ZiDSkGJPNyaqNiwMiktEyNcgA="
    },
    "@types/dat.gui": {
      "version": "0.7.7",
      "resolved": "https://artifactory.paypalcorp.com/artifactory/api/npm/npm-all/@types/dat.gui/-/dat.gui-0.7.7.tgz",
      "integrity": "sha1-ISWu36oZA2TFpQsER4WKfhWa6i4="
    },
    "@types/lodash": {
      "version": "4.14.173",
      "resolved": "https://artifactory.paypalcorp.com/artifactory/api/npm/npm-all/@types/lodash/-/lodash-4.14.173.tgz",
      "integrity": "sha1-nTtnTGeibPZzdW9qyntCnyN/ke0="
    },
    "abs-svg-path": {
      "version": "0.1.1",
      "resolved": "https://artifactory.paypalcorp.com/artifactory/api/npm/npm-all/abs-svg-path/-/abs-svg-path-0.1.1.tgz",
      "integrity": "sha1-32Acjo0roQ1KdtYl4japo5wnI78="
    },
    "colorette": {
      "version": "1.4.0",
      "resolved": "https://artifactory.paypalcorp.com/artifactory/api/npm/npm-all/colorette/-/colorette-1.4.0.tgz",
      "integrity": "sha1-UZD7uHJ2JZqGrXAL/yxtb6o/ykA=",
      "dev": true
    },
    "commander": {
      "version": "2.20.3",
      "resolved": "https://artifactory.paypalcorp.com/artifactory/api/npm/npm-all/commander/-/commander-2.20.3.tgz",
      "integrity": "sha1-/UhehMA+tIgcIHIrpIA16FMa6zM="
    },
    "csstype": {
      "version": "3.0.9",
      "resolved": "https://artifactory.paypalcorp.com/artifactory/api/npm/npm-all/csstype/-/csstype-3.0.9.tgz",
      "integrity": "sha1-ZBCvMbJr0FIJM9AsvGT86c4/vws="
    },
    "d3-array": {
      "version": "2.12.1",
      "resolved": "https://artifactory.paypalcorp.com/artifactory/api/npm/npm-all/d3-array/-/d3-array-2.12.1.tgz",
      "integrity": "sha1-4gtBqvzf/fXVCSgATs7PgVpGXoE=",
      "requires": {
        "internmap": "^1.0.0"
      }
    },
    "d3-collection": {
      "version": "1.0.7",
      "resolved": "https://artifactory.paypalcorp.com/artifactory/api/npm/npm-all/d3-collection/-/d3-collection-1.0.7.tgz",
      "integrity": "sha1-NJvSqpl32wcQkcExRNXk8WtbMQ4="
    },
    "d3-color": {
      "version": "1.4.1",
      "resolved": "https://artifactory.paypalcorp.com/artifactory/api/npm/npm-all/d3-color/-/d3-color-1.4.1.tgz",
      "integrity": "sha1-xSACv4hGraRCTVXZeYL+8m6zvIo="
    },
    "d3-composite-projections": {
      "version": "1.4.0",
      "resolved": "https://artifactory.paypalcorp.com/artifactory/api/npm/npm-all/d3-composite-projections/-/d3-composite-projections-1.4.0.tgz",
      "integrity": "sha1-J7GC+mNaWGk0n+kRzgGAuXTRfxI=",
      "requires": {
        "d3-geo": "^2.0.1",
        "d3-path": "^2.0.0"
      },
      "dependencies": {
        "d3-geo": {
          "version": "2.0.2",
          "resolved": "https://artifactory.paypalcorp.com/artifactory/api/npm/npm-all/d3-geo/-/d3-geo-2.0.2.tgz",
          "integrity": "sha1-wGXBtx/oxfG+ZX5fQ9m90BA4PEA=",
          "requires": {
            "d3-array": "^2.5.0"
          }
        }
      }
    },
    "d3-dsv": {
      "version": "3.0.1",
      "resolved": "https://artifactory.g.devqa.gcp.dev.paypalinc.com/artifactory/api/npm/npm-all/d3-dsv/-/d3-dsv-3.0.1.tgz",
      "integrity": "sha1-xjr5ePTWoNCEpSpnOSK+IWB4m3M=",
      "requires": {
        "commander": "7",
        "iconv-lite": "0.6",
        "rw": "1"
      },
      "dependencies": {
        "commander": {
          "version": "7.2.0",
          "resolved": "https://artifactory.g.devqa.gcp.dev.paypalinc.com/artifactory/api/npm/npm-all/commander/-/commander-7.2.0.tgz",
          "integrity": "sha1-o2y1fQtQHOEI5NIFWaFQo5HZerc="
        }
      }
    },
    "d3-ease": {
      "version": "1.0.7",
      "resolved": "https://artifactory.paypalcorp.com/artifactory/api/npm/npm-all/d3-ease/-/d3-ease-1.0.7.tgz",
      "integrity": "sha1-moNIkO+LiujFWLL+Vb1X9Zk7heI="
    },
    "d3-geo": {
      "version": "1.6.4",
      "resolved": "https://artifactory.paypalcorp.com/artifactory/api/npm/npm-all/d3-geo/-/d3-geo-1.6.4.tgz",
      "integrity": "sha1-8g4eRhyxhF9ai+Vatvh2VCp+MZk=",
      "requires": {
        "d3-array": "1"
      },
      "dependencies": {
        "d3-array": {
          "version": "1.2.4",
          "resolved": "https://artifactory.paypalcorp.com/artifactory/api/npm/npm-all/d3-array/-/d3-array-1.2.4.tgz",
          "integrity": "sha1-Y1zk1e6nWfb2BYY9vPww7cc39x8="
        }
      }
    },
    "d3-geo-projection": {
      "version": "2.1.2",
      "resolved": "https://artifactory.paypalcorp.com/artifactory/api/npm/npm-all/d3-geo-projection/-/d3-geo-projection-2.1.2.tgz",
      "integrity": "sha1-ffjh6dBG1jHGUJ9+UxNX1K3CSqM=",
      "requires": {
        "commander": "2",
        "d3-array": "1",
        "d3-geo": "^1.1.0"
      },
      "dependencies": {
        "d3-array": {
          "version": "1.2.4",
          "resolved": "https://artifactory.paypalcorp.com/artifactory/api/npm/npm-all/d3-array/-/d3-array-1.2.4.tgz",
          "integrity": "sha1-Y1zk1e6nWfb2BYY9vPww7cc39x8="
        }
      }
    },
    "d3-hexjson": {
      "version": "1.1.1",
      "resolved": "https://artifactory.paypalcorp.com/artifactory/api/npm/npm-all/d3-hexjson/-/d3-hexjson-1.1.1.tgz",
      "integrity": "sha1-oeJk/5A7sJuPj0vFnHJEepH0YP4=",
      "requires": {
        "d3-array": "1"
      },
      "dependencies": {
        "d3-array": {
          "version": "1.2.4",
          "resolved": "https://artifactory.paypalcorp.com/artifactory/api/npm/npm-all/d3-array/-/d3-array-1.2.4.tgz",
          "integrity": "sha1-Y1zk1e6nWfb2BYY9vPww7cc39x8="
        }
      }
    },
    "d3-hierarchy": {
      "version": "1.1.9",
      "resolved": "https://artifactory.paypalcorp.com/artifactory/api/npm/npm-all/d3-hierarchy/-/d3-hierarchy-1.1.9.tgz",
      "integrity": "sha1-L2vuJMqupD+Nw3VF+gFihVlkeoM="
    },
    "d3-interpolate": {
      "version": "1.4.0",
      "resolved": "https://artifactory.paypalcorp.com/artifactory/api/npm/npm-all/d3-interpolate/-/d3-interpolate-1.4.0.tgz",
      "integrity": "sha1-Um554tgNqjg/ngwcHH3MDwWD6Yc=",
      "requires": {
        "d3-color": "1"
      }
    },
    "d3-path": {
      "version": "2.0.0",
      "resolved": "https://artifactory.paypalcorp.com/artifactory/api/npm/npm-all/d3-path/-/d3-path-2.0.0.tgz",
      "integrity": "sha1-VdhqwTGgVIra4kHuv7VrRYLdCdg="
    },
    "d3-sankey": {
      "version": "0.9.1",
      "resolved": "https://artifactory.paypalcorp.com/artifactory/api/npm/npm-all/d3-sankey/-/d3-sankey-0.9.1.tgz",
      "integrity": "sha1-uFAUWjKEERY23eyQ39qMZJGb7k4=",
      "requires": {
        "d3-array": "1",
        "d3-collection": "1",
        "d3-shape": "^1.2.0"
      },
      "dependencies": {
        "d3-array": {
          "version": "1.2.4",
          "resolved": "https://artifactory.paypalcorp.com/artifactory/api/npm/npm-all/d3-array/-/d3-array-1.2.4.tgz",
          "integrity": "sha1-Y1zk1e6nWfb2BYY9vPww7cc39x8="
        }
      }
    },
    "d3-shape": {
      "version": "1.3.7",
      "resolved": "https://artifactory.paypalcorp.com/artifactory/api/npm/npm-all/d3-shape/-/d3-shape-1.3.7.tgz",
      "integrity": "sha1-32OAG+B7yYa8VPY3ibT+UCmStdc=",
      "requires": {
        "d3-path": "1"
      },
      "dependencies": {
        "d3-path": {
          "version": "1.0.9",
          "resolved": "https://artifactory.paypalcorp.com/artifactory/api/npm/npm-all/d3-path/-/d3-path-1.0.9.tgz",
          "integrity": "sha1-SMBQux/owmJJOoyvVSTj6VkXAc8="
        }
      }
    },
    "d3-timer": {
      "version": "1.0.10",
      "resolved": "https://artifactory.paypalcorp.com/artifactory/api/npm/npm-all/d3-timer/-/d3-timer-1.0.10.tgz",
      "integrity": "sha1-3+dripF0iDGxO22ceT/71QjdneU="
    },
    "d3-voronoi": {
      "version": "1.1.4",
      "resolved": "https://artifactory.paypalcorp.com/artifactory/api/npm/npm-all/d3-voronoi/-/d3-voronoi-1.1.4.tgz",
      "integrity": "sha1-3Tx412U9K7NZKErkeGRdlZRMgpc="
    },
    "dagre": {
      "version": "0.8.5",
      "resolved": "https://artifactory.paypalcorp.com/artifactory/api/npm/npm-all/dagre/-/dagre-0.8.5.tgz",
      "integrity": "sha1-ujCwBV2sErbB/MJHgXRCd30Gr+4=",
      "requires": {
        "graphlib": "^2.1.8",
        "lodash": "^4.17.15"
      }
    },
    "dat.gui": {
      "version": "0.7.7",
      "resolved": "https://artifactory.paypalcorp.com/artifactory/api/npm/npm-all/dat.gui/-/dat.gui-0.7.7.tgz",
      "integrity": "sha1-f5bb0hYhp2OFIDZZrr+iZO5q6Js="
    },
    "detect-browser": {
      "version": "5.2.1",
      "resolved": "https://artifactory.paypalcorp.com/artifactory/api/npm/npm-all/detect-browser/-/detect-browser-5.2.1.tgz",
      "integrity": "sha1-uIT42E6PM7uHT/7RC0vuomEz/NE="
    },
    "esbuild": {
      "version": "0.12.28",
      "resolved": "https://artifactory.paypalcorp.com/artifactory/api/npm/npm-all/esbuild/-/esbuild-0.12.28.tgz",
      "integrity": "sha1-hNoNKg0N7hgSgVRSceDWXPb6se8=",
      "dev": true
    },
    "fecha": {
      "version": "4.2.1",
      "resolved": "https://artifactory.paypalcorp.com/artifactory/api/npm/npm-all/fecha/-/fecha-4.2.1.tgz",
      "integrity": "sha1-CoOtj4bvYqCR4iu1oDnNA9I+7M4="
    },
    "fsevents": {
      "version": "2.3.2",
      "resolved": "https://artifactory.paypalcorp.com/artifactory/api/npm/npm-all/fsevents/-/fsevents-2.3.2.tgz",
      "integrity": "sha1-ilJveLj99GI7cJ4Ll1xSwkwC/Ro=",
      "dev": true,
      "optional": true
    },
    "function-bind": {
      "version": "1.1.1",
      "resolved": "https://artifactory.paypalcorp.com/artifactory/api/npm/npm-all/function-bind/-/function-bind-1.1.1.tgz",
      "integrity": "sha1-pWiZ0+o8m6uHS7l3O3xe3pL0iV0=",
      "dev": true
    },
    "gl-matrix": {
      "version": "3.3.0",
      "resolved": "https://artifactory.paypalcorp.com/artifactory/api/npm/npm-all/gl-matrix/-/gl-matrix-3.3.0.tgz",
      "integrity": "sha1-Iy7vYLHIswooy751ssr2xI/WNYs="
    },
    "graphlib": {
      "version": "2.1.8",
      "resolved": "https://artifactory.paypalcorp.com/artifactory/api/npm/npm-all/graphlib/-/graphlib-2.1.8.tgz",
      "integrity": "sha1-V2HUFHN4cAhMkux7XbywWSydNdo=",
      "requires": {
        "lodash": "^4.17.15"
      }
    },
    "has": {
      "version": "1.0.3",
      "resolved": "https://artifactory.paypalcorp.com/artifactory/api/npm/npm-all/has/-/has-1.0.3.tgz",
      "integrity": "sha1-ci18v8H2qoJB8W3YFOAR4fQeh5Y=",
      "dev": true,
      "requires": {
        "function-bind": "^1.1.1"
      }
    },
    "iconv-lite": {
      "version": "0.6.3",
      "resolved": "https://artifactory.g.devqa.gcp.dev.paypalinc.com/artifactory/api/npm/npm-all/iconv-lite/-/iconv-lite-0.6.3.tgz",
      "integrity": "sha1-pS+AvzjaGVLrXGgXkHGYcaGnJQE=",
      "requires": {
        "safer-buffer": ">= 2.1.2 < 3.0.0"
      }
    },
    "internmap": {
      "version": "1.0.1",
      "resolved": "https://artifactory.paypalcorp.com/artifactory/api/npm/npm-all/internmap/-/internmap-1.0.1.tgz",
      "integrity": "sha1-ABfMijuZYF8DAvKxmNJy4BXl35U="
    },
    "is-core-module": {
      "version": "2.6.0",
      "resolved": "https://artifactory.paypalcorp.com/artifactory/api/npm/npm-all/is-core-module/-/is-core-module-2.6.0.tgz",
      "integrity": "sha1-11U7JSb+Wbkro+QMjfdX7Ipwnhk=",
      "dev": true,
      "requires": {
        "has": "^1.0.3"
      }
    },
    "isarray": {
      "version": "0.0.1",
      "resolved": "https://artifactory.paypalcorp.com/artifactory/api/npm/npm-all/isarray/-/isarray-0.0.1.tgz",
      "integrity": "sha1-ihis/Kmo9Bd+Cav8YDiTmwXR7t8="
    },
    "lodash": {
      "version": "4.17.21",
      "resolved": "https://artifactory.paypalcorp.com/artifactory/api/npm/npm-all/lodash/-/lodash-4.17.21.tgz",
      "integrity": "sha1-Z5WRxWTDv/quhFTPCz3zcMPWkRw="
    },
    "nanoid": {
      "version": "3.1.25",
      "resolved": "https://artifactory.paypalcorp.com/artifactory/api/npm/npm-all/nanoid/-/nanoid-3.1.25.tgz",
      "integrity": "sha1-CcoydHwOVD8OGBS303k0d/nI4VI=",
      "dev": true
    },
    "parse-svg-path": {
      "version": "0.1.2",
      "resolved": "https://artifactory.paypalcorp.com/artifactory/api/npm/npm-all/parse-svg-path/-/parse-svg-path-0.1.2.tgz",
      "integrity": "sha1-en7A0esG+lMlx9PgCbhZoJtdSes="
    },
    "path-parse": {
      "version": "1.0.7",
      "resolved": "https://artifactory.paypalcorp.com/artifactory/api/npm/npm-all/path-parse/-/path-parse-1.0.7.tgz",
      "integrity": "sha1-+8EUtgykKzDZ2vWFjkvWi77bZzU=",
      "dev": true
    },
    "point-at-length": {
      "version": "1.1.0",
      "resolved": "https://artifactory.paypalcorp.com/artifactory/api/npm/npm-all/point-at-length/-/point-at-length-1.1.0.tgz",
      "integrity": "sha1-CtcuvQmA1/WhqxIpbAVfnrazDlc=",
      "requires": {
        "abs-svg-path": "~0.1.1",
        "isarray": "~0.0.1",
        "parse-svg-path": "~0.1.1"
      }
    },
    "postcss": {
      "version": "8.3.6",
      "resolved": "https://artifactory.paypalcorp.com/artifactory/api/npm/npm-all/postcss/-/postcss-8.3.6.tgz",
      "integrity": "sha1-JzDddql5afN/U7mmCWGXvjEcxOo=",
      "dev": true,
      "requires": {
        "colorette": "^1.2.2",
        "nanoid": "^3.1.23",
        "source-map-js": "^0.6.2"
      }
    },
    "regression": {
      "version": "2.0.1",
      "resolved": "https://artifactory.paypalcorp.com/artifactory/api/npm/npm-all/regression/-/regression-2.0.1.tgz",
      "integrity": "sha1-jSnD6CJKEIUMNeM36FqLL6w7DIc="
    },
    "resolve": {
      "version": "1.20.0",
      "resolved": "https://artifactory.paypalcorp.com/artifactory/api/npm/npm-all/resolve/-/resolve-1.20.0.tgz",
      "integrity": "sha1-YpoBP7P3B1XW8LeTXMHCxTeLGXU=",
      "dev": true,
      "requires": {
        "is-core-module": "^2.2.0",
        "path-parse": "^1.0.6"
      }
    },
    "rollup": {
      "version": "2.56.3",
      "resolved": "https://artifactory.paypalcorp.com/artifactory/api/npm/npm-all/rollup/-/rollup-2.56.3.tgz",
      "integrity": "sha1-tj7a3ZhRsNYYptDmr4IBlVp3rv8=",
      "dev": true,
      "requires": {
        "fsevents": "~2.3.2"
      }
    },
    "rw": {
      "version": "1.3.3",
      "resolved": "https://artifactory.paypalcorp.com/artifactory/api/npm/npm-all/rw/-/rw-1.3.3.tgz",
      "integrity": "sha1-P4Yt+pGrdmsUiF700BEkv9oHT7Q="
    },
    "safer-buffer": {
      "version": "2.1.2",
      "resolved": "https://artifactory.paypalcorp.com/artifactory/api/npm/npm-all/safer-buffer/-/safer-buffer-2.1.2.tgz",
      "integrity": "sha1-RPoWGwGHuVSd2Eu5GAL5vYOFzWo="
    },
    "simple-statistics": {
      "version": "6.1.1",
      "resolved": "https://artifactory.paypalcorp.com/artifactory/api/npm/npm-all/simple-statistics/-/simple-statistics-6.1.1.tgz",
      "integrity": "sha1-46B5n/xJkU1vQhxaSsWF9qE+K60="
    },
    "source-map-js": {
      "version": "0.6.2",
      "resolved": "https://artifactory.paypalcorp.com/artifactory/api/npm/npm-all/source-map-js/-/source-map-js-0.6.2.tgz",
      "integrity": "sha1-C7XeYxtBz72mz7qL0FqA79/SOF4=",
      "dev": true
    },
    "topojson-client": {
      "version": "3.1.0",
      "resolved": "https://artifactory.paypalcorp.com/artifactory/api/npm/npm-all/topojson-client/-/topojson-client-3.1.0.tgz",
      "integrity": "sha1-Iuix7QiiuSL+60r29Ttu8JpGe5k=",
      "requires": {
        "commander": "2"
      }
    },
    "tslib": {
      "version": "2.3.1",
      "resolved": "https://artifactory.paypalcorp.com/artifactory/api/npm/npm-all/tslib/-/tslib-2.3.1.tgz",
      "integrity": "sha1-6KM1rdXOrlGqJh0ypJAVjvBC7wE="
    },
    "typescript": {
      "version": "4.4.3",
      "resolved": "https://artifactory.paypalcorp.com/artifactory/api/npm/npm-all/typescript/-/typescript-4.4.3.tgz",
      "integrity": "sha1-vcVAfKorEJ79T4L+EwZW+XeikyQ=",
      "dev": true
    },
    "vite": {
      "version": "2.5.8",
      "resolved": "https://artifactory.paypalcorp.com/artifactory/api/npm/npm-all/vite/-/vite-2.5.8.tgz",
      "integrity": "sha1-4tohVAQR6RyxxKYuEzxlKnh88RY=",
      "dev": true,
      "requires": {
        "esbuild": "^0.12.17",
        "fsevents": "~2.3.2",
        "postcss": "^8.3.6",
        "resolve": "^1.20.0",
        "rollup": "^2.38.5"
      }
    },
    "wolfy87-eventemitter": {
      "version": "5.2.9",
      "resolved": "https://artifactory.paypalcorp.com/artifactory/api/npm/npm-all/wolfy87-eventemitter/-/wolfy87-eventemitter-5.2.9.tgz",
      "integrity": "sha1-6Hn3cLMPu2USqK+7Mww4hZEJnCo="
    }
  }
}
