{
  "name": "jsgenerator",
  "version": "1.0.0",
  "lockfileVersion": 1,
  "requires": true,
  "dependencies": {
    "babel-runtime": {
      "version": "6.26.0",
      "resolved": "https://r.cnpmjs.org/babel-runtime/download/babel-runtime-6.26.0.tgz",
      "integrity": "sha1-llxwWGaOgrVde/4E/yM3vItWR/4=",
      "requires": {
        "core-js": "^2.4.0",
        "regenerator-runtime": "^0.11.0"
      }
    },
    "core-js": {
      "version": "2.6.11",
      "resolved": "https://r.cnpmjs.org/core-js/download/core-js-2.6.11.tgz",
      "integrity": "sha1-OIMUafmSK97Y7iHJ3EaYXgOZMIw="
    },
    "js-csp": {
      "version": "1.0.1",
      "resolved": "https://r.cnpmjs.org/js-csp/download/js-csp-1.0.1.tgz",
      "integrity": "sha1-Z7N01E2eNTr59+5E+8YPUzgRfxI=",
      "requires": {
        "babel-runtime": "^6.22.0",
        "lodash": "^4.17.4"
      }
    },
    "lodash": {
      "version": "4.17.20",
      "resolved": "https://r.cnpmjs.org/lodash/download/lodash-4.17.20.tgz",
      "integrity": "sha1-tEqbYpe8tpjxxRo1RaKzs2jVnFI="
    },
    "regenerator-runtime": {
      "version": "0.11.1",
      "resolved": "https://r.cnpmjs.org/regenerator-runtime/download/regenerator-runtime-0.11.1.tgz",
      "integrity": "sha1-vgWtf5v30i4Fb5cmzuUBf78Z4uk="
    }
  }
}
