{
  "name": "entitas-cli",
  "version": "0.2.0",
  "lockfileVersion": 1,
  "requires": true,
  "dependencies": {
    "liquid.coffee": {
      "version": "0.1.8",
      "resolved": "https://registry.nlark.com/liquid.coffee/download/liquid.coffee-0.1.8.tgz",
      "integrity": "sha1-AiqYUfrb+naBlRHbw/3kfxc8rb8=",
      "requires": {
        "strftime": "~0.7.0"
      }
    },
    "liquidjs": {
      "version": "9.25.0",
      "resolved": "https://registry.nlark.com/liquidjs/download/liquidjs-9.25.0.tgz",
      "integrity": "sha1-aXV2S3SCfIG8E2O1yk6bwRQLe7Y="
    },
    "minimist": {
      "version": "1.2.5",
      "resolved": "https://registry.npm.taobao.org/minimist/download/minimist-1.2.5.tgz",
      "integrity": "sha1-Z9ZgFLZqaoqqDAg8X9WN9OTpdgI="
    },
    "mkdirp": {
      "version": "0.5.5",
      "resolved": "https://registry.npm.taobao.org/mkdirp/download/mkdirp-0.5.5.tgz",
      "integrity": "sha1-2Rzv1i0UNsoPQWIOJRKI1CAJne8=",
      "requires": {
        "minimist": "^1.2.5"
      }
    },
    "strftime": {
      "version": "0.7.0",
      "resolved": "https://registry.npm.taobao.org/strftime/download/strftime-0.7.0.tgz",
      "integrity": "sha1-022WQDfEoGP4vBMwB2nHmioRaAg="
    }
  }
}
